
Microsoft Visual Studio Solution File, Format Version 12.00
# Visual Studio Version 16
VisualStudioVersion = 16.0.31729.503
MinimumVisualStudioVersion = 10.0.40219.1
Project("{FAE04EC0-301F-11D3-BF4B-00C04F79EFBC}") = "AutoCar", "AutoCar\AutoCar.csproj", "{C9397164-9D5A-4DE8-BF03-AD2DF158F0BA}"
EndProject
Global
	GlobalSection(SolutionConfigurationPlatforms) = preSolution
		Debug|Any CPU = Debug|Any CPU
		Release|Any CPU = Release|Any CPU
	EndGlobalSection
	GlobalSection(ProjectConfigurationPlatforms) = postSolution
		{C9397164-9D5A-4DE8-BF03-AD2DF158F0BA}.Debug|Any CPU.ActiveCfg = Debug|Any CPU
		{C9397164-9D5A-4DE8-BF03-AD2DF158F0BA}.Debug|Any CPU.Build.0 = Debug|Any CPU
		{C9397164-9D5A-4DE8-BF03-AD2DF158F0BA}.Release|Any CPU.ActiveCfg = Release|Any CPU
		{C9397164-9D5A-4DE8-BF03-AD2DF158F0BA}.Release|Any CPU.Build.0 = Release|Any CPU
	EndGlobalSection
	GlobalSection(SolutionProperties) = preSolution
		HideSolutionNode = FALSE
	EndGlobalSection
	GlobalSection(ExtensibilityGlobals) = postSolution
		SolutionGuid = {FDFB264B-F708-4E9F-94F3-78788B86EEB7}
	EndGlobalSection
EndGlobal
